{
  "name": "viaaas-web",
  "lockfileVersion": 2,
  "requires": true,
  "packages": {
    "": {
      "name": "viaaas-web",
      "devDependencies": {
        "@azure/msal-browser": "^2.27.0",
        "@types/bootstrap": "^5.1.12",
        "@types/jquery": "^3.5.14",
        "@types/uuid": "^8.3.4",
        "bootstrap": "^5.1.3",
        "jquery": "^3.6.0",
        "uuid": "^8.3.2"
      }
    },
    "node_modules/@azure/msal-browser": {
      "version": "2.27.0",
      "resolved": "https://registry.npmjs.org/@azure/msal-browser/-/msal-browser-2.27.0.tgz",
      "integrity": "sha512-PyATq2WvK+x32waRqqikym8wvn939iO9UhpFqhLwitNrfLa3PHUgJuuI9oLSQOS3/UzjYb8aqN+XzchU3n/ZuQ==",
      "dev": true,
      "dependencies": {
        "@azure/msal-common": "^7.1.0"
      },
      "engines": {
        "node": ">=0.8.0"
      }
    },
    "node_modules/@azure/msal-common": {
      "version": "7.1.0",
      "resolved": "https://registry.npmjs.org/@azure/msal-common/-/msal-common-7.1.0.tgz",
      "integrity": "sha512-WyfqE5mY/rggjqvq0Q5DxLnA33KSb0vfsUjxa95rycFknI03L5GPYI4HTU9D+g0PL5TtsQGnV3xzAGq9BFCVJQ==",
      "dev": true,
      "engines": {
        "node": ">=0.8.0"
      }
    },
    "node_modules/@popperjs/core": {
      "version": "2.11.5",
      "resolved": "https://registry.npmjs.org/@popperjs/core/-/core-2.11.5.tgz",
      "integrity": "sha512-9X2obfABZuDVLCgPK9aX0a/x4jaOEweTTWE2+9sr0Qqqevj2Uv5XorvusThmc9XGYpS9yI+fhh8RTafBtGposw==",
      "dev": true,
      "funding": {
        "type": "opencollective",
        "url": "https://opencollective.com/popperjs"
      }
    },
    "node_modules/@types/bootstrap": {
      "version": "5.1.12",
      "resolved": "https://registry.npmjs.org/@types/bootstrap/-/bootstrap-5.1.12.tgz",
      "integrity": "sha512-pSS5BGEgepwzdbsBGswBWFmgrnYpp7c4UfuYe1FJWwkrcjm/JVwfG4gBkOYtd92Otd3RdJK0ByBWMkBROfLEPw==",
      "dev": true,
      "dependencies": {
        "@popperjs/core": "^2.9.2"
      }
    },
    "node_modules/@types/jquery": {
      "version": "3.5.14",
      "resolved": "https://registry.npmjs.org/@types/jquery/-/jquery-3.5.14.tgz",
      "integrity": "sha512-X1gtMRMbziVQkErhTQmSe2jFwwENA/Zr+PprCkF63vFq+Yt5PZ4AlKqgmeNlwgn7dhsXEK888eIW2520EpC+xg==",
      "dev": true,
      "dependencies": {
        "@types/sizzle": "*"
      }
    },
    "node_modules/@types/sizzle": {
      "version": "2.3.3",
      "resolved": "https://registry.npmjs.org/@types/sizzle/-/sizzle-2.3.3.tgz",
      "integrity": "sha512-JYM8x9EGF163bEyhdJBpR2QX1R5naCJHC8ucJylJ3w9/CVBaskdQ8WqBf8MmQrd1kRvp/a4TS8HJ+bxzR7ZJYQ==",
      "dev": true
    },
    "node_modules/@types/uuid": {
      "version": "8.3.4",
      "resolved": "https://registry.npmjs.org/@types/uuid/-/uuid-8.3.4.tgz",
      "integrity": "sha512-c/I8ZRb51j+pYGAu5CrFMRxqZ2ke4y2grEBO5AUjgSkSk+qT2Ea+OdWElz/OiMf5MNpn2b17kuVBwZLQJXzihw==",
      "dev": true
    },
    "node_modules/bootstrap": {
      "version": "5.1.3",
      "resolved": "https://registry.npmjs.org/bootstrap/-/bootstrap-5.1.3.tgz",
      "integrity": "sha512-fcQztozJ8jToQWXxVuEyXWW+dSo8AiXWKwiSSrKWsRB/Qt+Ewwza+JWoLKiTuQLaEPhdNAJ7+Dosc9DOIqNy7Q==",
      "dev": true,
      "funding": {
        "type": "opencollective",
        "url": "https://opencollective.com/bootstrap"
      },
      "peerDependencies": {
        "@popperjs/core": "^2.10.2"
      }
    },
    "node_modules/jquery": {
      "version": "3.6.0",
      "resolved": "https://registry.npmjs.org/jquery/-/jquery-3.6.0.tgz",
      "integrity": "sha512-JVzAR/AjBvVt2BmYhxRCSYysDsPcssdmTFnzyLEts9qNwmjmu4JTAMYubEfwVOSwpQ1I1sKKFcxhZCI2buerfw==",
      "dev": true
    },
    "node_modules/uuid": {
      "version": "8.3.2",
      "resolved": "https://registry.npmjs.org/uuid/-/uuid-8.3.2.tgz",
      "integrity": "sha512-+NYs2QeMWy+GWFOEm9xnn6HCDp0l7QBD7ml8zLUmJ+93Q5NF0NocErnwkTkXVFNiX3/fpC6afS8Dhb/gz7R7eg==",
      "dev": true,
      "bin": {
        "uuid": "dist/bin/uuid"
      }
    }
  },
  "dependencies": {
    "@azure/msal-browser": {
      "version": "2.27.0",
      "resolved": "https://registry.npmjs.org/@azure/msal-browser/-/msal-browser-2.27.0.tgz",
      "integrity": "sha512-PyATq2WvK+x32waRqqikym8wvn939iO9UhpFqhLwitNrfLa3PHUgJuuI9oLSQOS3/UzjYb8aqN+XzchU3n/ZuQ==",
      "dev": true,
      "requires": {
        "@azure/msal-common": "^7.1.0"
      }
    },
    "@azure/msal-common": {
      "version": "7.1.0",
      "resolved": "https://registry.npmjs.org/@azure/msal-common/-/msal-common-7.1.0.tgz",
      "integrity": "sha512-WyfqE5mY/rggjqvq0Q5DxLnA33KSb0vfsUjxa95rycFknI03L5GPYI4HTU9D+g0PL5TtsQGnV3xzAGq9BFCVJQ==",
      "dev": true
    },
    "@popperjs/core": {
      "version": "2.11.5",
      "resolved": "https://registry.npmjs.org/@popperjs/core/-/core-2.11.5.tgz",
      "integrity": "sha512-9X2obfABZuDVLCgPK9aX0a/x4jaOEweTTWE2+9sr0Qqqevj2Uv5XorvusThmc9XGYpS9yI+fhh8RTafBtGposw==",
      "dev": true
    },
    "@types/bootstrap": {
      "version": "5.1.12",
      "resolved": "https://registry.npmjs.org/@types/bootstrap/-/bootstrap-5.1.12.tgz",
      "integrity": "sha512-pSS5BGEgepwzdbsBGswBWFmgrnYpp7c4UfuYe1FJWwkrcjm/JVwfG4gBkOYtd92Otd3RdJK0ByBWMkBROfLEPw==",
      "dev": true,
      "requires": {
        "@popperjs/core": "^2.9.2"
      }
    },
    "@types/jquery": {
      "version": "3.5.14",
      "resolved": "https://registry.npmjs.org/@types/jquery/-/jquery-3.5.14.tgz",
      "integrity": "sha512-X1gtMRMbziVQkErhTQmSe2jFwwENA/Zr+PprCkF63vFq+Yt5PZ4AlKqgmeNlwgn7dhsXEK888eIW2520EpC+xg==",
      "dev": true,
      "requires": {
        "@types/sizzle": "*"
      }
    },
    "@types/sizzle": {
      "version": "2.3.3",
      "resolved": "https://registry.npmjs.org/@types/sizzle/-/sizzle-2.3.3.tgz",
      "integrity": "sha512-JYM8x9EGF163bEyhdJBpR2QX1R5naCJHC8ucJylJ3w9/CVBaskdQ8WqBf8MmQrd1kRvp/a4TS8HJ+bxzR7ZJYQ==",
      "dev": true
    },
    "@types/uuid": {
      "version": "8.3.4",
      "resolved": "https://registry.npmjs.org/@types/uuid/-/uuid-8.3.4.tgz",
      "integrity": "sha512-c/I8ZRb51j+pYGAu5CrFMRxqZ2ke4y2grEBO5AUjgSkSk+qT2Ea+OdWElz/OiMf5MNpn2b17kuVBwZLQJXzihw==",
      "dev": true
    },
    "bootstrap": {
      "version": "5.1.3",
      "resolved": "https://registry.npmjs.org/bootstrap/-/bootstrap-5.1.3.tgz",
      "integrity": "sha512-fcQztozJ8jToQWXxVuEyXWW+dSo8AiXWKwiSSrKWsRB/Qt+Ewwza+JWoLKiTuQLaEPhdNAJ7+Dosc9DOIqNy7Q==",
      "dev": true,
      "requires": {}
    },
    "jquery": {
      "version": "3.6.0",
      "resolved": "https://registry.npmjs.org/jquery/-/jquery-3.6.0.tgz",
      "integrity": "sha512-JVzAR/AjBvVt2BmYhxRCSYysDsPcssdmTFnzyLEts9qNwmjmu4JTAMYubEfwVOSwpQ1I1sKKFcxhZCI2buerfw==",
      "dev": true
    },
    "uuid": {
      "version": "8.3.2",
      "resolved": "https://registry.npmjs.org/uuid/-/uuid-8.3.2.tgz",
      "integrity": "sha512-+NYs2QeMWy+GWFOEm9xnn6HCDp0l7QBD7ml8zLUmJ+93Q5NF0NocErnwkTkXVFNiX3/fpC6afS8Dhb/gz7R7eg==",
      "dev": true
    }
  }
}
